# This file is generated by running "yarn install" inside your project.
# Manual changes might be lost - proceed with caution!

__metadata:
  version: 4
  cacheKey: 7

"@popperjs/core@npm:^2.11.8":
  version: 2.11.8
  resolution: "@popperjs/core@npm:2.11.8"
  checksum: 8c170d4eb56b6604b190eb5ed9dd6ab4b9e9cdb6ef6ee5b3884fe14af37a3a4289af1bfa0373e4dab288fddb12b43d94a565f313beaae023cd1da742173b050b
  languageName: node
  linkType: hard

"bootstrap@npm:5.3.8":
  version: 5.3.8
  resolution: "bootstrap@npm:5.3.8"
  peerDependencies:
    "@popperjs/core": ^2.11.8
  checksum: 4790eb6a93efa953bfc3a68a3c3504743fd609962a7f4a3beec740b1fa932736242dbaacb00454049b856baa34d49a45bc408742602c0d2c3bf889f2297e9704
  languageName: node
  linkType: hard

"components-font-awesome@npm:5.9.0":
  version: 5.9.0
  resolution: "components-font-awesome@npm:5.9.0"
  checksum: 14ac09791e07e54df2566fdb57a38d5cf624efe10d70accbada5a4b9161b9f88a29adbacdcef64420ce0f09c07f41692540a836a97ee70eb0e0968894e94b787
  languageName: node
  linkType: hard

"datatables.net-bs5@npm:^2.3.4":
  version: 2.3.4
  resolution: "datatables.net-bs5@npm:2.3.4"
  dependencies:
    datatables.net: "npm:2.3.4"
    jquery: "npm:>=1.7"
  checksum: a70069d1a1acf07d24cde49f1578d0f00979db2bcf49b2fec990d8cb57756c653e29e268151a021b4ffd13d5e62fe8fa86231d4da81574ababdd05d06c8bab84
  languageName: node
  linkType: hard

"datatables.net@npm:2.3.4":
  version: 2.3.4
  resolution: "datatables.net@npm:2.3.4"
  dependencies:
    jquery: "npm:>=1.7"
  checksum: a39fdad40ecd3df66bd435e830b5c9a41e0670fb10eb8ee4f7f0db41e2d2e6213917553ec71f4f4e7bdebb0a7233dfa11fcbe8e62429295963a8dbbd93f9af88
  languageName: node
  linkType: hard

"desandro-matches-selector@npm:^2.0.0":
  version: 2.0.2
  resolution: "desandro-matches-selector@npm:2.0.2"
  checksum: b16d94b0693e6981652445e55808764df2622033b2cd942163d6e492bb5108c26bef7f68e63973966cb210ec493c4fcc299b48aa50814892e8ebb6692ce84d9b
  languageName: node
  linkType: hard

"devbridge-autocomplete@npm:^1.5.0":
  version: 1.5.0
  resolution: "devbridge-autocomplete@npm:1.5.0"
  peerDependencies:
    jquery: ">=1.9"
  checksum: a628eb234a6cf58135597cee8d90941223195f66dcb2e53d26bc5b9cace3e455a4abe2c389eea91a5da3d5bfdccb370b93b33968c1e8014043d8617b34f58527
  languageName: node
  linkType: hard

"ev-emitter@npm:^1.0.0":
  version: 1.1.1
  resolution: "ev-emitter@npm:1.1.1"
  checksum: c93adf4cfac74892e0eede007d2481b9621d345e97884ea06d1cf5bcfccf7c6a6d5e15aba9369b66c4087967b338694710508eb11253f01bba9e216359811153
  languageName: node
  linkType: hard

"fizzy-ui-utils@npm:^2.0.0":
  version: 2.0.7
  resolution: "fizzy-ui-utils@npm:2.0.7"
  dependencies:
    desandro-matches-selector: "npm:^2.0.0"
  checksum: a4dd1c4f8cb425e890ae7a9068e3645b9cc01ddc86df961a6383f1aca5c38aae9862d2c08163dd7e693f1bd550adc11892288aa8519ef9618b17e5db8afebabe
  languageName: node
  linkType: hard

"get-size@npm:^2.0.2":
  version: 2.0.3
  resolution: "get-size@npm:2.0.3"
  checksum: 31c88b42fea7f60e6921a4d67ea2314fc29b815adfccefe1e8ea48fb6f544c04878b90bd213183fb4ff79a7d05070ed29083c44f5d7b8c2460c91ce9ea35d123
  languageName: node
  linkType: hard

"htmx.org@npm:^2.0.7":
  version: 2.0.7
  resolution: "htmx.org@npm:2.0.7"
  checksum: 76c62384950c4ae59614485e28d6c59b030ec2292fa1fa8738fd2e9b0f68da4a647ac03f9831d313aa6cc0af62a41a188c54a0e6bcbd92e549ca1f73b3e7c9ad
  languageName: node
  linkType: hard

"jquery@npm:>=1.7, jquery@npm:^3.7.1":
  version: 3.7.1
  resolution: "jquery@npm:3.7.1"
  checksum: 5d2ea78250a8bdfa8e1232b064e11d86b1bc0c7b3e1ebbfee9ed21f1138cff606a07083709fa9d64bbbf94cdba3119b45604a078ba88e9c48fa5ae894eaf8ec6
  languageName: node
  linkType: hard

"masonry-layout@npm:^4.2.2":
  version: 4.2.2
  resolution: "masonry-layout@npm:4.2.2"
  dependencies:
    get-size: "npm:^2.0.2"
    outlayer: "npm:^2.1.0"
  checksum: 0332563f7a4a40f7a0a114240df95dbfcf4eaa6bdef1316e441f7907b9ff3ea5ee20e7e37ff31fc784548792b2f57e868f41be0eaa31f0a6bb1446cc2d61cc10
  languageName: node
  linkType: hard

"outlayer@npm:^2.1.0":
  version: 2.1.1
  resolution: "outlayer@npm:2.1.1"
  dependencies:
    ev-emitter: "npm:^1.0.0"
    fizzy-ui-utils: "npm:^2.0.0"
    get-size: "npm:^2.0.2"
  checksum: ad9902fb15b7db43f13315d41d4abf1b86f90116400027bad811ffd1df6d9a41330b8c88ad65c1ed0f26e8f078770923b9ea76e1ad37194bf8e48e3582effa6c
  languageName: node
  linkType: hard

"popper.js@npm:^1.16.1":
  version: 1.16.1
  resolution: "popper.js@npm:1.16.1"
  checksum: eb53806fb7680e31c7d1db096f95438a40a7cb869f7ee0e27100c0860f11583a0d322606c6073618e7fe8865f834ec36482901b547256d9a0cf2b22434bca75d
  languageName: node
  linkType: hard

"wger@workspace:.":
  version: 0.0.0-use.local
  resolution: "wger@workspace:."
  dependencies:
    "@popperjs/core": ^2.11.8
    bootstrap: 5.3.8
    components-font-awesome: 5.9.0
    datatables.net-bs5: ^2.3.4
    devbridge-autocomplete: ^1.5.0
    htmx.org: ^2.0.7
    jquery: ^3.7.1
    masonry-layout: ^4.2.2
    popper.js: ^1.16.1
  languageName: unknown
  linkType: soft
