# This file is generated by running "yarn install" inside your project.
# Manual changes might be lost - proceed with caution!

__metadata:
  version: 8
  cacheKey: 10

"@popperjs/core@npm:^2.11.8":
  version: 2.11.8
  resolution: "@popperjs/core@npm:2.11.8"
  checksum: 10/ddd16090cde777aaf102940f05d0274602079a95ad9805bd20bc55dcc7c3a2ba1b99dd5c73e5cc2753c3d31250ca52a67d58059459d7d27debb983a9f552936c
  languageName: node
  linkType: hard

"bootstrap@npm:5.3.8":
  version: 5.3.8
  resolution: "bootstrap@npm:5.3.8"
  peerDependencies:
    "@popperjs/core": ^2.11.8
  checksum: 10/ca36e1816940ee424b91f3a534e7a359c1f180da00e92c650b92a9c2621a1ca24ee71a0886666675718b58527f9193cd0ead934da7a92108224013fa07bec2d2
  languageName: node
  linkType: hard

"components-font-awesome@npm:5.9.0":
  version: 5.9.0
  resolution: "components-font-awesome@npm:5.9.0"
  checksum: 10/72a3357e8b4e1911a32fd69bef0d3d03d5d6602819d9f66415494d9f8855883bd09e883a2777fd41570f1397507ec68392ca6f74423a8c463d65ccc0ba9cc7b7
  languageName: node
  linkType: hard

"datatables.net-bs5@npm:^2.3.4":
  version: 2.3.4
  resolution: "datatables.net-bs5@npm:2.3.4"
  dependencies:
    datatables.net: "npm:2.3.4"
    jquery: "npm:>=1.7"
  checksum: 10/a6ad9177620e667c925c8afb133909e53b9a6a6fcc81ce6e54e94c3f13801a404b532ff656265170700f9adec6f95d61de9352bcd0ba25ebba5e2e79714fe873
  languageName: node
  linkType: hard

"datatables.net@npm:2.3.4":
  version: 2.3.4
  resolution: "datatables.net@npm:2.3.4"
  dependencies:
    jquery: "npm:>=1.7"
  checksum: 10/86e00c50ad8a2fdb5f004100b3d38fb29d6aeb690b5a09fd239d079ee9a022ff3a5e58865fa92e7b73a5865438b011ad9966d77b01fbcddd8be7319b1ece79b3
  languageName: node
  linkType: hard

"desandro-matches-selector@npm:^2.0.0":
  version: 2.0.2
  resolution: "desandro-matches-selector@npm:2.0.2"
  checksum: 10/d7d211ab037587d5aebfce39d1b3e794029a83197dabe7f3ef01b0445446b08bcc97ac2c59dd361f2e857ccce52d493114ee1573e8dc604762c9322708f1b54d
  languageName: node
  linkType: hard

"devbridge-autocomplete@npm:^1.5.0":
  version: 1.5.0
  resolution: "devbridge-autocomplete@npm:1.5.0"
  peerDependencies:
    jquery: ">=1.9"
  checksum: 10/78dfdbc61e3a5d3516fb68988331137be99ac3b5f9bb5f43670c447893d0bfdf8439df13fa2aa1e6f735dbe90be1ba84abf7d3fec2473d756f98ebab87c6739f
  languageName: node
  linkType: hard

"ev-emitter@npm:^1.0.0":
  version: 1.1.1
  resolution: "ev-emitter@npm:1.1.1"
  checksum: 10/a6c9767f8a70512a4e211b6d78406bcbae7950d778ce8dd90bb64e9d7fb16878dd598a042e9a2b53dc769175db7d9da0b8e4b8d570482d67936975dcc5419ca0
  languageName: node
  linkType: hard

"fizzy-ui-utils@npm:^2.0.0":
  version: 2.0.7
  resolution: "fizzy-ui-utils@npm:2.0.7"
  dependencies:
    desandro-matches-selector: "npm:^2.0.0"
  checksum: 10/00262e74a429450e7e958330bb65f0403335d50ff104e881628ba6d4bad13f92888559df3cd4e479b0b5b0da3218e762fdc0a40dbce1adb32991d765e25d2936
  languageName: node
  linkType: hard

"get-size@npm:^2.0.2":
  version: 2.0.3
  resolution: "get-size@npm:2.0.3"
  checksum: 10/268530ea41a2217c5aa7bc750259a5db8c8cbf50036cc6e33bb3bca82f9333f2facc8788d1bd943f1ca69f51109226919209592a0b8c9206eebe89ca12d69285
  languageName: node
  linkType: hard

"htmx.org@npm:^2.0.7":
  version: 2.0.7
  resolution: "htmx.org@npm:2.0.7"
  checksum: 10/a356ec8b3648988cba2f965a3302a066af6a9ef229af6031f3a3f24ceabd66fa8891ec05ce38ac80e95c48b13b6adf32f1a7d6f0433db4b12553b396e18b26d4
  languageName: node
  linkType: hard

"jquery@npm:>=1.7, jquery@npm:^3.7.1":
  version: 3.7.1
  resolution: "jquery@npm:3.7.1"
  checksum: 10/17be9929f5fa37697d9848284f0d108c543318ef79ec794e130cd0c49f6c050d60c803a69e8cfa16fa19f5ff7cdb814a6905cceab0831186560c65ed113cd579
  languageName: node
  linkType: hard

"masonry-layout@npm:^4.2.2":
  version: 4.2.2
  resolution: "masonry-layout@npm:4.2.2"
  dependencies:
    get-size: "npm:^2.0.2"
    outlayer: "npm:^2.1.0"
  checksum: 10/7ab8817fe2d647537aba4407a95c2d37ff70d720d1ac4ece11101b4d8b64513da2a23aa5f5d779df12936457c6571f6721ce08a4a322522ff86b4b1df1cb6fe1
  languageName: node
  linkType: hard

"outlayer@npm:^2.1.0":
  version: 2.1.1
  resolution: "outlayer@npm:2.1.1"
  dependencies:
    ev-emitter: "npm:^1.0.0"
    fizzy-ui-utils: "npm:^2.0.0"
    get-size: "npm:^2.0.2"
  checksum: 10/15a819257f042a1cd01a3a33f7e1d6489183eb1a5467e8688b27b5641393fa755fe77e36b47159ad9d4c1e165c04b94222e3c65f635113efbdafda432a4de41c
  languageName: node
  linkType: hard

"popper.js@npm:^1.16.1":
  version: 1.16.1
  resolution: "popper.js@npm:1.16.1"
  checksum: 10/71338c86faf9b66ce60c3cdd7fb2ed742944e5d2765a188f269239fee2980aa6223b77b41302d1b6eb7d724e611092f9a2576d0048ac2071b605291abc72c0cf
  languageName: node
  linkType: hard

"wger@workspace:.":
  version: 0.0.0-use.local
  resolution: "wger@workspace:."
  dependencies:
    "@popperjs/core": "npm:^2.11.8"
    bootstrap: "npm:5.3.8"
    components-font-awesome: "npm:5.9.0"
    datatables.net-bs5: "npm:^2.3.4"
    devbridge-autocomplete: "npm:^1.5.0"
    htmx.org: "npm:^2.0.7"
    jquery: "npm:^3.7.1"
    masonry-layout: "npm:^4.2.2"
    popper.js: "npm:^1.16.1"
  languageName: unknown
  linkType: soft
